
Microsoft Visual Studio Solution File, Format Version 12.00
# Visual Studio Version 16
VisualStudioVersion = 16.0.31624.102
MinimumVisualStudioVersion = 10.0.40219.1
Project("{FAE04EC0-301F-11D3-BF4B-00C04F79EFBC}") = "Prototyp", "Prototyp\Prototyp.csproj", "{0AD378FA-E0CA-4CB6-A6D8-C718E029CB43}"
EndProject
Global
	GlobalSection(SolutionConfigurationPlatforms) = preSolution
		Debug|Any CPU = Debug|Any CPU
		Release|Any CPU = Release|Any CPU
	EndGlobalSection
	GlobalSection(ProjectConfigurationPlatforms) = postSolution
		{0AD378FA-E0CA-4CB6-A6D8-C718E029CB43}.Debug|Any CPU.ActiveCfg = Debug|Any CPU
		{0AD378FA-E0CA-4CB6-A6D8-C718E029CB43}.Debug|Any CPU.Build.0 = Debug|Any CPU
		{0AD378FA-E0CA-4CB6-A6D8-C718E029CB43}.Release|Any CPU.ActiveCfg = Release|Any CPU
		{0AD378FA-E0CA-4CB6-A6D8-C718E029CB43}.Release|Any CPU.Build.0 = Release|Any CPU
	EndGlobalSection
	GlobalSection(SolutionProperties) = preSolution
		HideSolutionNode = FALSE
	EndGlobalSection
	GlobalSection(ExtensibilityGlobals) = postSolution
		SolutionGuid = {4EDBF425-1A8D-4814-A1D7-725A89EE5692}
	EndGlobalSection
EndGlobal
